
Microsoft Visual Studio Solution File, Format Version 12.00
# Visual Studio Version 17
VisualStudioVersion = 17.14.36414.22 d17.14
MinimumVisualStudioVersion = 10.0.40219.1
Project("{FAE04EC0-301F-11D3-BF4B-00C04F79EFBC}") = "Aula0", "Aula0.csproj", "{47C97681-473A-43C5-94B4-984766A36D3D}"
EndProject
Global
	GlobalSection(SolutionConfigurationPlatforms) = preSolution
		Debug|Any CPU = Debug|Any CPU
		Release|Any CPU = Release|Any CPU
	EndGlobalSection
	GlobalSection(ProjectConfigurationPlatforms) = postSolution
		{47C97681-473A-43C5-94B4-984766A36D3D}.Debug|Any CPU.ActiveCfg = Debug|Any CPU
		{47C97681-473A-43C5-94B4-984766A36D3D}.Debug|Any CPU.Build.0 = Debug|Any CPU
		{47C97681-473A-43C5-94B4-984766A36D3D}.Release|Any CPU.ActiveCfg = Release|Any CPU
		{47C97681-473A-43C5-94B4-984766A36D3D}.Release|Any CPU.Build.0 = Release|Any CPU
	EndGlobalSection
	GlobalSection(SolutionProperties) = preSolution
		HideSolutionNode = FALSE
	EndGlobalSection
	GlobalSection(ExtensibilityGlobals) = postSolution
		SolutionGuid = {A167478A-EF11-4C3D-AECA-B07173E61A79}
	EndGlobalSection
EndGlobal
